
Microsoft Visual Studio Solution File, Format Version 12.00
# Visual Studio Version 17
VisualStudioVersion = 17.1.32228.430
MinimumVisualStudioVersion = 10.0.40219.1
Project("{2150E333-8FDC-42A3-9474-1A3956D46DE8}") = "Src", "Src", "{38A11E04-A7BB-428E-9BFB-8BA28618D8A3}"
EndProject
Project("{2150E333-8FDC-42A3-9474-1A3956D46DE8}") = "Tests", "Tests", "{7FC8B7A2-9CB5-42D8-9C78-5188CCCC1A16}"
EndProject
Project("{2150E333-8FDC-42A3-9474-1A3956D46DE8}") = "Doc", "Doc", "{426DAD72-DAEB-40C1-8E10-4F158C0752A0}"
EndProject
Project("{2150E333-8FDC-42A3-9474-1A3956D46DE8}") = "Solution Items", "Solution Items", "{F93AF555-D9C5-4E47-84D6-2F27CADBC2E3}"
EndProject
Project("{2150E333-8FDC-42A3-9474-1A3956D46DE8}") = "Core", "Core", "{AF73C624-1CD6-415A-AB2F-A77B7457CDE2}"
EndProject
Project("{9A19103F-16F7-4668-BE54-9A1E7A4F7556}") = "Domain", "Domain\Domain.csproj", "{002CA92B-F185-465A-9D26-2A2DF33CE6A4}"
EndProject
Project("{9A19103F-16F7-4668-BE54-9A1E7A4F7556}") = "Application", "Application\Application.csproj", "{C893554C-ED1F-4772-B554-32268BD16739}"
EndProject
Project("{2150E333-8FDC-42A3-9474-1A3956D46DE8}") = "Presentation", "Presentation", "{8F9D7049-E487-4A8C-B22C-19A4AF6949BD}"
EndProject
Project("{2150E333-8FDC-42A3-9474-1A3956D46DE8}") = "Infrastructure", "Infrastructure", "{942D109B-740F-4AEE-BBEB-64D2C6DC7408}"
EndProject
Project("{9A19103F-16F7-4668-BE54-9A1E7A4F7556}") = "Infrastructure", "Infrastructure\Infrastructure.csproj", "{6A3E70F0-A77E-4CCA-ABF2-30F7EA1B751A}"
EndProject
Project("{9A19103F-16F7-4668-BE54-9A1E7A4F7556}") = "WebSite.EndPoint", "WebSite.EndPoint\WebSite.EndPoint.csproj", "{9A117242-CB4E-41C1-96A0-AF0091913B6C}"
EndProject
Project("{FAE04EC0-301F-11D3-BF4B-00C04F79EFBC}") = "Persistence", "Persistence\Persistence.csproj", "{1FB1CD8B-E9E1-4459-BACA-3DE2C4295669}"
EndProject
Global
	GlobalSection(SolutionConfigurationPlatforms) = preSolution
		Debug|Any CPU = Debug|Any CPU
		Release|Any CPU = Release|Any CPU
	EndGlobalSection
	GlobalSection(ProjectConfigurationPlatforms) = postSolution
		{002CA92B-F185-465A-9D26-2A2DF33CE6A4}.Debug|Any CPU.ActiveCfg = Debug|Any CPU
		{002CA92B-F185-465A-9D26-2A2DF33CE6A4}.Debug|Any CPU.Build.0 = Debug|Any CPU
		{002CA92B-F185-465A-9D26-2A2DF33CE6A4}.Release|Any CPU.ActiveCfg = Release|Any CPU
		{002CA92B-F185-465A-9D26-2A2DF33CE6A4}.Release|Any CPU.Build.0 = Release|Any CPU
		{C893554C-ED1F-4772-B554-32268BD16739}.Debug|Any CPU.ActiveCfg = Debug|Any CPU
		{C893554C-ED1F-4772-B554-32268BD16739}.Debug|Any CPU.Build.0 = Debug|Any CPU
		{C893554C-ED1F-4772-B554-32268BD16739}.Release|Any CPU.ActiveCfg = Release|Any CPU
		{C893554C-ED1F-4772-B554-32268BD16739}.Release|Any CPU.Build.0 = Release|Any CPU
		{6A3E70F0-A77E-4CCA-ABF2-30F7EA1B751A}.Debug|Any CPU.ActiveCfg = Debug|Any CPU
		{6A3E70F0-A77E-4CCA-ABF2-30F7EA1B751A}.Debug|Any CPU.Build.0 = Debug|Any CPU
		{6A3E70F0-A77E-4CCA-ABF2-30F7EA1B751A}.Release|Any CPU.ActiveCfg = Release|Any CPU
		{6A3E70F0-A77E-4CCA-ABF2-30F7EA1B751A}.Release|Any CPU.Build.0 = Release|Any CPU
		{9A117242-CB4E-41C1-96A0-AF0091913B6C}.Debug|Any CPU.ActiveCfg = Debug|Any CPU
		{9A117242-CB4E-41C1-96A0-AF0091913B6C}.Debug|Any CPU.Build.0 = Debug|Any CPU
		{9A117242-CB4E-41C1-96A0-AF0091913B6C}.Release|Any CPU.ActiveCfg = Release|Any CPU
		{9A117242-CB4E-41C1-96A0-AF0091913B6C}.Release|Any CPU.Build.0 = Release|Any CPU
		{1FB1CD8B-E9E1-4459-BACA-3DE2C4295669}.Debug|Any CPU.ActiveCfg = Debug|Any CPU
		{1FB1CD8B-E9E1-4459-BACA-3DE2C4295669}.Debug|Any CPU.Build.0 = Debug|Any CPU
		{1FB1CD8B-E9E1-4459-BACA-3DE2C4295669}.Release|Any CPU.ActiveCfg = Release|Any CPU
		{1FB1CD8B-E9E1-4459-BACA-3DE2C4295669}.Release|Any CPU.Build.0 = Release|Any CPU
	EndGlobalSection
	GlobalSection(SolutionProperties) = preSolution
		HideSolutionNode = FALSE
	EndGlobalSection
	GlobalSection(NestedProjects) = preSolution
		{AF73C624-1CD6-415A-AB2F-A77B7457CDE2} = {38A11E04-A7BB-428E-9BFB-8BA28618D8A3}
		{002CA92B-F185-465A-9D26-2A2DF33CE6A4} = {AF73C624-1CD6-415A-AB2F-A77B7457CDE2}
		{C893554C-ED1F-4772-B554-32268BD16739} = {AF73C624-1CD6-415A-AB2F-A77B7457CDE2}
		{8F9D7049-E487-4A8C-B22C-19A4AF6949BD} = {38A11E04-A7BB-428E-9BFB-8BA28618D8A3}
		{942D109B-740F-4AEE-BBEB-64D2C6DC7408} = {38A11E04-A7BB-428E-9BFB-8BA28618D8A3}
		{6A3E70F0-A77E-4CCA-ABF2-30F7EA1B751A} = {942D109B-740F-4AEE-BBEB-64D2C6DC7408}
		{9A117242-CB4E-41C1-96A0-AF0091913B6C} = {8F9D7049-E487-4A8C-B22C-19A4AF6949BD}
		{1FB1CD8B-E9E1-4459-BACA-3DE2C4295669} = {942D109B-740F-4AEE-BBEB-64D2C6DC7408}
	EndGlobalSection
	GlobalSection(ExtensibilityGlobals) = postSolution
		SolutionGuid = {B02853D0-0781-4BDD-84BE-6F7058AC32A4}
	EndGlobalSection
EndGlobal
